{
  "version": 1,
  "dependencies": {
    "net10.0": {
      "Spectre.Console": {
        "type": "Direct",
        "requested": "[0.57.0, )",
        "resolved": "0.57.0",
        "contentHash": "X5+4ZsUYTPlTs5PEoKRlxUuKOa1AkEoAGM34pUeJPjsBdtOnvnaVb31hqewhooomihl1i9fEBid1fz8XxZTacQ==",
        "dependencies": {
          "Spectre.Console.Ansi": "0.57.0"
        }
      },
      "Spectre.Console.Cli": {
        "type": "Direct",
        "requested": "[0.55.0, )",
        "resolved": "0.55.0",
        "contentHash": "cFJTB1te4eaAICd4Zp+8T/kiRn1ikQxgGqmoNarb1qoQ/7LzHAvVQ62x5U9GW3E0QI7sZLcXIIoq4CpqgTx42Q==",
        "dependencies": {
          "Spectre.Console": "0.55.0"
        }
      },
      "Spectre.Console.Ansi": {
        "type": "Transitive",
        "resolved": "0.57.0",
        "contentHash": "DGeYljyWAIHSeUAoUGqyzyOqS8WlsHKW+y4zOZ0OO61oqrhx90jHS+XG5Kpq/wWz6ovIs2VL/0CTKpUVa7tdWg=="
      }
    }
  }
}